
Microsoft Visual Studio Solution File, Format Version 12.00
# Visual Studio 15
VisualStudioVersion = 15.0.27703.2000
MinimumVisualStudioVersion = 10.0.40219.1
Project("{FAE04EC0-301F-11D3-BF4B-00C04F79EFBC}") = "App79.Android", "App79\App79.Android\App79.Android.csproj", "{406FDF2C-E685-4A4C-83AC-EEC441BEB4BD}"
EndProject
Project("{FAE04EC0-301F-11D3-BF4B-00C04F79EFBC}") = "App79", "App79\App79\App79.csproj", "{198856E2-C94A-4AA3-9C1E-1A07EEECF077}"
EndProject
Global
	GlobalSection(SolutionConfigurationPlatforms) = preSolution
		Debug|Any CPU = Debug|Any CPU
		Release|Any CPU = Release|Any CPU
	EndGlobalSection
	GlobalSection(ProjectConfigurationPlatforms) = postSolution
		{406FDF2C-E685-4A4C-83AC-EEC441BEB4BD}.Debug|Any CPU.ActiveCfg = Debug|Any CPU
		{406FDF2C-E685-4A4C-83AC-EEC441BEB4BD}.Debug|Any CPU.Build.0 = Debug|Any CPU
		{406FDF2C-E685-4A4C-83AC-EEC441BEB4BD}.Debug|Any CPU.Deploy.0 = Debug|Any CPU
		{406FDF2C-E685-4A4C-83AC-EEC441BEB4BD}.Release|Any CPU.ActiveCfg = Release|Any CPU
		{406FDF2C-E685-4A4C-83AC-EEC441BEB4BD}.Release|Any CPU.Build.0 = Release|Any CPU
		{406FDF2C-E685-4A4C-83AC-EEC441BEB4BD}.Release|Any CPU.Deploy.0 = Release|Any CPU
		{198856E2-C94A-4AA3-9C1E-1A07EEECF077}.Debug|Any CPU.ActiveCfg = Debug|Any CPU
		{198856E2-C94A-4AA3-9C1E-1A07EEECF077}.Debug|Any CPU.Build.0 = Debug|Any CPU
		{198856E2-C94A-4AA3-9C1E-1A07EEECF077}.Debug|Any CPU.Deploy.0 = Debug|Any CPU
		{198856E2-C94A-4AA3-9C1E-1A07EEECF077}.Release|Any CPU.ActiveCfg = Release|Any CPU
		{198856E2-C94A-4AA3-9C1E-1A07EEECF077}.Release|Any CPU.Build.0 = Release|Any CPU
		{198856E2-C94A-4AA3-9C1E-1A07EEECF077}.Release|Any CPU.Deploy.0 = Release|Any CPU
	EndGlobalSection
	GlobalSection(SolutionProperties) = preSolution
		HideSolutionNode = FALSE
	EndGlobalSection
	GlobalSection(ExtensibilityGlobals) = postSolution
		SolutionGuid = {B0DD254E-77BC-42A8-8350-419EDA2333FD}
	EndGlobalSection
EndGlobal
